// !$*UTF8*$!
{
	archiveVersion = 1;
	classes = {
	};
	objectVersion = 50;
	objects = {

/* Begin PBXBuildFile section */
		049110D22317A8DD003D4C6A /* AppDelegate.m in Sources */ = {isa = PBXBuildFile; fileRef = 049110D12317A8DD003D4C6A /* AppDelegate.m */; };
		049110D52317A8DD003D4C6A /* ViewController.m in Sources */ = {isa = PBXBuildFile; fileRef = 049110D42317A8DD003D4C6A /* ViewController.m */; };
		049110D82317A8DD003D4C6A /* Main.storyboard in Resources */ = {isa = PBXBuildFile; fileRef = 049110D62317A8DD003D4C6A /* Main.storyboard */; };
		049110DA2317A8E8003D4C6A /* Assets.xcassets in Resources */ = {isa = PBXBuildFile; fileRef = 049110D92317A8E8003D4C6A /* Assets.xcassets */; };
		049110DD2317A8E8003D4C6A /* LaunchScreen.storyboard in Resources */ = {isa = PBXBuildFile; fileRef = 049110DB2317A8E8003D4C6A /* LaunchScreen.storyboard */; };
		049110E02317A8E8003D4C6A /* main.m in Sources */ = {isa = PBXBuildFile; fileRef = 049110DF2317A8E8003D4C6A /* main.m */; };
		049110EA2317A8E9003D4C6A /* textTests.m in Sources */ = {isa = PBXBuildFile; fileRef = 049110E92317A8E9003D4C6A /* textTests.m */; };
		049110F52317A8E9003D4C6A /* textUITests.m in Sources */ = {isa = PBXBuildFile; fileRef = 049110F42317A8E9003D4C6A /* textUITests.m */; };
		049111042317A9BC003D4C6A /* PersonViewController.m in Sources */ = {isa = PBXBuildFile; fileRef = 049111032317A9BC003D4C6A /* PersonViewController.m */; };
/* End PBXBuildFile section */

/* Begin PBXContainerItemProxy section */
		049110E62317A8E8003D4C6A /* PBXContainerItemProxy */ = {
			isa = PBXContainerItemProxy;
			containerPortal = 049110C52317A8DD003D4C6A /* Project object */;
			proxyType = 1;
			remoteGlobalIDString = 049110CC2317A8DD003D4C6A;
			remoteInfo = text;
		};
		049110F12317A8E9003D4C6A /* PBXContainerItemProxy */ = {
			isa = PBXContainerItemProxy;
			containerPortal = 049110C52317A8DD003D4C6A /* Project object */;
			proxyType = 1;
			remoteGlobalIDString = 049110CC2317A8DD003D4C6A;
			remoteInfo = text;
		};
/* End PBXContainerItemProxy section */

/* Begin PBXFileReference section */
		049110CD2317A8DD003D4C6A /* text.app */ = {isa = PBXFileReference; explicitFileType = wrapper.application; includeInIndex = 0; path = text.app; sourceTree = BUILT_PRODUCTS_DIR; };
		049110D02317A8DD003D4C6A /* AppDelegate.h */ = {isa = PBXFileReference; lastKnownFileType = sourcecode.c.h; path = AppDelegate.h; sourceTree = "<group>"; };
		049110D12317A8DD003D4C6A /* AppDelegate.m */ = {isa = PBXFileReference; lastKnownFileType = sourcecode.c.objc; path = AppDelegate.m; sourceTree = "<group>"; };
		049110D32317A8DD003D4C6A /* ViewController.h */ = {isa = PBXFileReference; lastKnownFileType = sourcecode.c.h; path = ViewController.h; sourceTree = "<group>"; };
		049110D42317A8DD003D4C6A /* ViewController.m */ = {isa = PBXFileReference; lastKnownFileType = sourcecode.c.objc; path = ViewController.m; sourceTree = "<group>"; };
		049110D72317A8DD003D4C6A /* Base */ = {isa = PBXFileReference; lastKnownFileType = file.storyboard; name = Base; path = Base.lproj/Main.storyboard; sourceTree = "<group>"; };
		049110D92317A8E8003D4C6A /* Assets.xcassets */ = {isa = PBXFileReference; lastKnownFileType = folder.assetcatalog; path = Assets.xcassets; sourceTree = "<group>"; };
		049110DC2317A8E8003D4C6A /* Base */ = {isa = PBXFileReference; lastKnownFileType = file.storyboard; name = Base; path = Base.lproj/LaunchScreen.storyboard; sourceTree = "<group>"; };
		049110DE2317A8E8003D4C6A /* Info.plist */ = {isa = PBXFileReference; lastKnownFileType = text.plist.xml; path = Info.plist; sourceTree = "<group>"; };
		049110DF2317A8E8003D4C6A /* main.m */ = {isa = PBXFileReference; lastKnownFileType = sourcecode.c.objc; path = main.m; sourceTree = "<group>"; };
		049110E52317A8E8003D4C6A /* textTests.xctest */ = {isa = PBXFileReference; explicitFileType = wrapper.cfbundle; includeInIndex = 0; path = textTests.xctest; sourceTree = BUILT_PRODUCTS_DIR; };
		049110E92317A8E9003D4C6A /* textTests.m */ = {isa = PBXFileReference; lastKnownFileType = sourcecode.c.objc; path = textTests.m; sourceTree = "<group>"; };
		049110EB2317A8E9003D4C6A /* Info.plist */ = {isa = PBXFileReference; lastKnownFileType = text.plist.xml; path = Info.plist; sourceTree = "<group>"; };
		049110F02317A8E9003D4C6A /* textUITests.xctest */ = {isa = PBXFileReference; explicitFileType = wrapper.cfbundle; includeInIndex = 0; path = textUITests.xctest; sourceTree = BUILT_PRODUCTS_DIR; };
		049110F42317A8E9003D4C6A /* textUITests.m */ = {isa = PBXFileReference; lastKnownFileType = sourcecode.c.objc; path = textUITests.m; sourceTree = "<group>"; };
		049110F62317A8E9003D4C6A /* Info.plist */ = {isa = PBXFileReference; lastKnownFileType = text.plist.xml; path = Info.plist; sourceTree = "<group>"; };
		049111022317A9BC003D4C6A /* PersonViewController.h */ = {isa = PBXFileReference; lastKnownFileType = sourcecode.c.h; path = PersonViewController.h; sourceTree = "<group>"; };
		049111032317A9BC003D4C6A /* PersonViewController.m */ = {isa = PBXFileReference; lastKnownFileType = sourcecode.c.objc; path = PersonViewController.m; sourceTree = "<group>"; };
/* End PBXFileReference section */

/* Begin PBXFrameworksBuildPhase section */
		049110CA2317A8DD003D4C6A /* Frameworks */ = {
			isa = PBXFrameworksBuildPhase;
			buildActionMask = 2147483647;
			files = (
			);
			runOnlyForDeploymentPostprocessing = 0;
		};
		049110E22317A8E8003D4C6A /* Frameworks */ = {
			isa = PBXFrameworksBuildPhase;
			buildActionMask = 2147483647;
			files = (
			);
			runOnlyForDeploymentPostprocessing = 0;
		};
		049110ED2317A8E9003D4C6A /* Frameworks */ = {
			isa = PBXFrameworksBuildPhase;
			buildActionMask = 2147483647;
			files = (
			);
			runOnlyForDeploymentPostprocessing = 0;
		};
/* End PBXFrameworksBuildPhase section */

/* Begin PBXGroup section */
		049110C42317A8DD003D4C6A = {
			isa = PBXGroup;
			children = (
				049110CF2317A8DD003D4C6A /* text */,
				049110E82317A8E8003D4C6A /* textTests */,
				049110F32317A8E9003D4C6A /* textUITests */,
				049110CE2317A8DD003D4C6A /* Products */,
			);
			sourceTree = "<group>";
		};
		049110CE2317A8DD003D4C6A /* Products */ = {
			isa = PBXGroup;
			children = (
				049110CD2317A8DD003D4C6A /* text.app */,
				049110E52317A8E8003D4C6A /* textTests.xctest */,
				049110F02317A8E9003D4C6A /* textUITests.xctest */,
			);
			name = Products;
			sourceTree = "<group>";
		};
		049110CF2317A8DD003D4C6A /* text */ = {
			isa = PBXGroup;
			children = (
				049110D02317A8DD003D4C6A /* AppDelegate.h */,
				049110D12317A8DD003D4C6A /* AppDelegate.m */,
				049110D32317A8DD003D4C6A /* ViewController.h */,
				049111022317A9BC003D4C6A /* PersonViewController.h */,
				049111032317A9BC003D4C6A /* PersonViewController.m */,
				049110D42317A8DD003D4C6A /* ViewController.m */,
				049110D62317A8DD003D4C6A /* Main.storyboard */,
				049110D92317A8E8003D4C6A /* Assets.xcassets */,
				049110DB2317A8E8003D4C6A /* LaunchScreen.storyboard */,
				049110DE2317A8E8003D4C6A /* Info.plist */,
				049110DF2317A8E8003D4C6A /* main.m */,
			);
			path = text;
			sourceTree = "<group>";
		};
		049110E82317A8E8003D4C6A /* textTests */ = {
			isa = PBXGroup;
			children = (
				049110E92317A8E9003D4C6A /* textTests.m */,
				049110EB2317A8E9003D4C6A /* Info.plist */,
			);
			path = textTests;
			sourceTree = "<group>";
		};
		049110F32317A8E9003D4C6A /* textUITests */ = {
			isa = PBXGroup;
			children = (
				049110F42317A8E9003D4C6A /* textUITests.m */,
				049110F62317A8E9003D4C6A /* Info.plist */,
			);
			path = textUITests;
			sourceTree = "<group>";
		};
/* End PBXGroup section */

/* Begin PBXNativeTarget section */
		049110CC2317A8DD003D4C6A /* text */ = {
			isa = PBXNativeTarget;
			buildConfigurationList = 049110F92317A8E9003D4C6A /* Build configuration list for PBXNativeTarget "text" */;
			buildPhases = (
				049110C92317A8DD003D4C6A /* Sources */,
				049110CA2317A8DD003D4C6A /* Frameworks */,
				049110CB2317A8DD003D4C6A /* Resources */,
			);
			buildRules = (
			);
			dependencies = (
			);
			name = text;
			productName = text;
			productReference = 049110CD2317A8DD003D4C6A /* text.app */;
			productType = "com.apple.product-type.application";
		};
		049110E42317A8E8003D4C6A /* textTests */ = {
			isa = PBXNativeTarget;
			buildConfigurationList = 049110FC2317A8E9003D4C6A /* Build configuration list for PBXNativeTarget "textTests" */;
			buildPhases = (
				049110E12317A8E8003D4C6A /* Sources */,
				049110E22317A8E8003D4C6A /* Frameworks */,
				049110E32317A8E8003D4C6A /* Resources */,
			);
			buildRules = (
			);
			dependencies = (
				049110E72317A8E8003D4C6A /* PBXTargetDependency */,
			);
			name = textTests;
			productName = textTests;
			productReference = 049110E52317A8E8003D4C6A /* textTests.xctest */;
			productType = "com.apple.product-type.bundle.unit-test";
		};
		049110EF2317A8E9003D4C6A /* textUITests */ = {
			isa = PBXNativeTarget;
			buildConfigurationList = 049110FF2317A8E9003D4C6A /* Build configuration list for PBXNativeTarget "textUITests" */;
			buildPhases = (
				049110EC2317A8E9003D4C6A /* Sources */,
				049110ED2317A8E9003D4C6A /* Frameworks */,
				049110EE2317A8E9003D4C6A /* Resources */,
			);
			buildRules = (
			);
			dependencies = (
				049110F22317A8E9003D4C6A /* PBXTargetDependency */,
			);
			name = textUITests;
			productName = textUITests;
			productReference = 049110F02317A8E9003D4C6A /* textUITests.xctest */;
			productType = "com.apple.product-type.bundle.ui-testing";
		};
/* End PBXNativeTarget section */

/* Begin PBXProject section */
		049110C52317A8DD003D4C6A /* Project object */ = {
			isa = PBXProject;
			attributes = {
				LastUpgradeCheck = 1010;
				ORGANIZATIONNAME = mac;
				TargetAttributes = {
					049110CC2317A8DD003D4C6A = {
						CreatedOnToolsVersion = 10.1;
					};
					049110E42317A8E8003D4C6A = {
						CreatedOnToolsVersion = 10.1;
						TestTargetID = 049110CC2317A8DD003D4C6A;
					};
					049110EF2317A8E9003D4C6A = {
						CreatedOnToolsVersion = 10.1;
						TestTargetID = 049110CC2317A8DD003D4C6A;
					};
				};
			};
			buildConfigurationList = 049110C82317A8DD003D4C6A /* Build configuration list for PBXProject "text" */;
			compatibilityVersion = "Xcode 9.3";
			developmentRegion = en;
			hasScannedForEncodings = 0;
			knownRegions = (
				en,
				Base,
			);
			mainGroup = 049110C42317A8DD003D4C6A;
			productRefGroup = 049110CE2317A8DD003D4C6A /* Products */;
			projectDirPath = "";
			projectRoot = "";
			targets = (
				049110CC2317A8DD003D4C6A /* text */,
				049110E42317A8E8003D4C6A /* textTests */,
				049110EF2317A8E9003D4C6A /* textUITests */,
			);
		};
/* End PBXProject section */

/* Begin PBXResourcesBuildPhase section */
		049110CB2317A8DD003D4C6A /* Resources */ = {
			isa = PBXResourcesBuildPhase;
			buildActionMask = 2147483647;
			files = (
				049110DD2317A8E8003D4C6A /* LaunchScreen.storyboard in Resources */,
				049110DA2317A8E8003D4C6A /* Assets.xcassets in Resources */,
				049110D82317A8DD003D4C6A /* Main.storyboard in Resources */,
			);
			runOnlyForDeploymentPostprocessing = 0;
		};
		049110E32317A8E8003D4C6A /* Resources */ = {
			isa = PBXResourcesBuildPhase;
			buildActionMask = 2147483647;
			files = (
			);
			runOnlyForDeploymentPostprocessing = 0;
		};
		049110EE2317A8E9003D4C6A /* Resources */ = {
			isa = PBXResourcesBuildPhase;
			buildActionMask = 2147483647;
			files = (
			);
			runOnlyForDeploymentPostprocessing = 0;
		};
/* End PBXResourcesBuildPhase section */

/* Begin PBXSourcesBuildPhase section */
		049110C92317A8DD003D4C6A /* Sources */ = {
			isa = PBXSourcesBuildPhase;
			buildActionMask = 2147483647;
			files = (
				049110D52317A8DD003D4C6A /* ViewController.m in Sources */,
				049110E02317A8E8003D4C6A /* main.m in Sources */,
				049110D22317A8DD003D4C6A /* AppDelegate.m in Sources */,
				049111042317A9BC003D4C6A /* PersonViewController.m in Sources */,
			);
			runOnlyForDeploymentPostprocessing = 0;
		};
		049110E12317A8E8003D4C6A /* Sources */ = {
			isa = PBXSourcesBuildPhase;
			buildActionMask = 2147483647;
			files = (
				049110EA2317A8E9003D4C6A /* textTests.m in Sources */,
			);
			runOnlyForDeploymentPostprocessing = 0;
		};
		049110EC2317A8E9003D4C6A /* Sources */ = {
			isa = PBXSourcesBuildPhase;
			buildActionMask = 2147483647;
			files = (
				049110F52317A8E9003D4C6A /* textUITests.m in Sources */,
			);
			runOnlyForDeploymentPostprocessing = 0;
		};
/* End PBXSourcesBuildPhase section */

/* Begin PBXTargetDependency section */
		049110E72317A8E8003D4C6A /* PBXTargetDependency */ = {
			isa = PBXTargetDependency;
			target = 049110CC2317A8DD003D4C6A /* text */;
			targetProxy = 049110E62317A8E8003D4C6A /* PBXContainerItemProxy */;
		};
		049110F22317A8E9003D4C6A /* PBXTargetDependency */ = {
			isa = PBXTargetDependency;
			target = 049110CC2317A8DD003D4C6A /* text */;
			targetProxy = 049110F12317A8E9003D4C6A /* PBXContainerItemProxy */;
		};
/* End PBXTargetDependency section */

/* Begin PBXVariantGroup section */
		049110D62317A8DD003D4C6A /* Main.storyboard */ = {
			isa = PBXVariantGroup;
			children = (
				049110D72317A8DD003D4C6A /* Base */,
			);
			name = Main.storyboard;
			sourceTree = "<group>";
		};
		049110DB2317A8E8003D4C6A /* LaunchScreen.storyboard */ = {
			isa = PBXVariantGroup;
			children = (
				049110DC2317A8E8003D4C6A /* Base */,
			);
			name = LaunchScreen.storyboard;
			sourceTree = "<group>";
		};
/* End PBXVariantGroup section */

/* Begin XCBuildConfiguration section */
		049110F72317A8E9003D4C6A /* Debug */ = {
			isa = XCBuildConfiguration;
			buildSettings = {
				ALWAYS_SEARCH_USER_PATHS = NO;
				CLANG_ANALYZER_NONNULL = YES;
				CLANG_ANALYZER_NUMBER_OBJECT_CONVERSION = YES_AGGRESSIVE;
				CLANG_CXX_LANGUAGE_STANDARD = "gnu++14";
				CLANG_CXX_LIBRARY = "libc++";
				CLANG_ENABLE_MODULES = YES;
				CLANG_ENABLE_OBJC_ARC = YES;
				CLANG_ENABLE_OBJC_WEAK = YES;
				CLANG_WARN_BLOCK_CAPTURE_AUTORELEASING = YES;
				CLANG_WARN_BOOL_CONVERSION = YES;
				CLANG_WARN_COMMA = YES;
				CLANG_WARN_CONSTANT_CONVERSION = YES;
				CLANG_WARN_DEPRECATED_OBJC_IMPLEMENTATIONS = YES;
				CLANG_WARN_DIRECT_OBJC_ISA_USAGE = YES_ERROR;
				CLANG_WARN_DOCUMENTATION_COMMENTS = YES;
				CLANG_WARN_EMPTY_BODY = YES;
				CLANG_WARN_ENUM_CONVERSION = YES;
				CLANG_WARN_INFINITE_RECURSION = YES;
				CLANG_WARN_INT_CONVERSION = YES;
				CLANG_WARN_NON_LITERAL_NULL_CONVERSION = YES;
				CLANG_WARN_OBJC_IMPLICIT_RETAIN_SELF = YES;
				CLANG_WARN_OBJC_LITERAL_CONVERSION = YES;
				CLANG_WARN_OBJC_ROOT_CLASS = YES_ERROR;
				CLANG_WARN_RANGE_LOOP_ANALYSIS = YES;
				CLANG_WARN_STRICT_PROTOTYPES = YES;
				CLANG_WARN_SUSPICIOUS_MOVE = YES;
				CLANG_WARN_UNGUARDED_AVAILABILITY = YES_AGGRESSIVE;
				CLANG_WARN_UNREACHABLE_CODE = YES;
				CLANG_WARN__DUPLICATE_METHOD_MATCH = YES;
				CODE_SIGN_IDENTITY = "iPhone Developer";
				COPY_PHASE_STRIP = NO;
				DEBUG_INFORMATION_FORMAT = dwarf;
				ENABLE_STRICT_OBJC_MSGSEND = YES;
				ENABLE_TESTABILITY = YES;
				GCC_C_LANGUAGE_STANDARD = gnu11;
				GCC_DYNAMIC_NO_PIC = NO;
				GCC_NO_COMMON_BLOCKS = YES;
				GCC_OPTIMIZATION_LEVEL = 0;
				GCC_PREPROCESSOR_DEFINITIONS = (
					"DEBUG=1",
					"$(inherited)",
				);
				GCC_WARN_64_TO_32_BIT_CONVERSION = YES;
				GCC_WARN_ABOUT_RETURN_TYPE = YES_ERROR;
				GCC_WARN_UNDECLARED_SELECTOR = YES;
				GCC_WARN_UNINITIALIZED_AUTOS = YES_AGGRESSIVE;
				GCC_WARN_UNUSED_FUNCTION = YES;
				GCC_WARN_UNUSED_VARIABLE = YES;
				IPHONEOS_DEPLOYMENT_TARGET = 12.1;
				MTL_ENABLE_DEBUG_INFO = INCLUDE_SOURCE;
				MTL_FAST_MATH = YES;
				ONLY_ACTIVE_ARCH = YES;
				SDKROOT = iphoneos;
			};
			name = Debug;
		};
		049110F82317A8E9003D4C6A /* Release */ = {
			isa = XCBuildConfiguration;
			buildSettings = {
				ALWAYS_SEARCH_USER_PATHS = NO;
				CLANG_ANALYZER_NONNULL = YES;
				CLANG_ANALYZER_NUMBER_OBJECT_CONVERSION = YES_AGGRESSIVE;
				CLANG_CXX_LANGUAGE_STANDARD = "gnu++14";
				CLANG_CXX_LIBRARY = "libc++";
				CLANG_ENABLE_MODULES = YES;
				CLANG_ENABLE_OBJC_ARC = YES;
				CLANG_ENABLE_OBJC_WEAK = YES;
				CLANG_WARN_BLOCK_CAPTURE_AUTORELEASING = YES;
				CLANG_WARN_BOOL_CONVERSION = YES;
				CLANG_WARN_COMMA = YES;
				CLANG_WARN_CONSTANT_CONVERSION = YES;
				CLANG_WARN_DEPRECATED_OBJC_IMPLEMENTATIONS = YES;
				CLANG_WARN_DIRECT_OBJC_ISA_USAGE = YES_ERROR;
				CLANG_WARN_DOCUMENTATION_COMMENTS = YES;
				CLANG_WARN_EMPTY_BODY = YES;
				CLANG_WARN_ENUM_CONVERSION = YES;
				CLANG_WARN_INFINITE_RECURSION = YES;
				CLANG_WARN_INT_CONVERSION = YES;
				CLANG_WARN_NON_LITERAL_NULL_CONVERSION = YES;
				CLANG_WARN_OBJC_IMPLICIT_RETAIN_SELF = YES;
				CLANG_WARN_OBJC_LITERAL_CONVERSION = YES;
				CLANG_WARN_OBJC_ROOT_CLASS = YES_ERROR;
				CLANG_WARN_RANGE_LOOP_ANALYSIS = YES;
				CLANG_WARN_STRICT_PROTOTYPES = YES;
				CLANG_WARN_SUSPICIOUS_MOVE = YES;
				CLANG_WARN_UNGUARDED_AVAILABILITY = YES_AGGRESSIVE;
				CLANG_WARN_UNREACHABLE_CODE = YES;
				CLANG_WARN__DUPLICATE_METHOD_MATCH = YES;
				CODE_SIGN_IDENTITY = "iPhone Developer";
				COPY_PHASE_STRIP = NO;
				DEBUG_INFORMATION_FORMAT = "dwarf-with-dsym";
				ENABLE_NS_ASSERTIONS = NO;
				ENABLE_STRICT_OBJC_MSGSEND = YES;
				GCC_C_LANGUAGE_STANDARD = gnu11;
				GCC_NO_COMMON_BLOCKS = YES;
				GCC_WARN_64_TO_32_BIT_CONVERSION = YES;
				GCC_WARN_ABOUT_RETURN_TYPE = YES_ERROR;
				GCC_WARN_UNDECLARED_SELECTOR = YES;
				GCC_WARN_UNINITIALIZED_AUTOS = YES_AGGRESSIVE;
				GCC_WARN_UNUSED_FUNCTION = YES;
				GCC_WARN_UNUSED_VARIABLE = YES;
				IPHONEOS_DEPLOYMENT_TARGET = 12.1;
				MTL_ENABLE_DEBUG_INFO = NO;
				MTL_FAST_MATH = YES;
				SDKROOT = iphoneos;
				VALIDATE_PRODUCT = YES;
			};
			name = Release;
		};
		049110FA2317A8E9003D4C6A /* Debug */ = {
			isa = XCBuildConfiguration;
			buildSettings = {
				ASSETCATALOG_COMPILER_APPICON_NAME = AppIcon;
				CODE_SIGN_STYLE = Automatic;
				INFOPLIST_FILE = text/Info.plist;
				LD_RUNPATH_SEARCH_PATHS = (
					"$(inherited)",
					"@executable_path/Frameworks",
				);
				PRODUCT_BUNDLE_IDENTIFIER = Panda.text;
				PRODUCT_NAME = "$(TARGET_NAME)";
				TARGETED_DEVICE_FAMILY = "1,2";
			};
			name = Debug;
		};
		049110FB2317A8E9003D4C6A /* Release */ = {
			isa = XCBuildConfiguration;
			buildSettings = {
				ASSETCATALOG_COMPILER_APPICON_NAME = AppIcon;
				CODE_SIGN_STYLE = Automatic;
				INFOPLIST_FILE = text/Info.plist;
				LD_RUNPATH_SEARCH_PATHS = (
					"$(inherited)",
					"@executable_path/Frameworks",
				);
				PRODUCT_BUNDLE_IDENTIFIER = Panda.text;
				PRODUCT_NAME = "$(TARGET_NAME)";
				TARGETED_DEVICE_FAMILY = "1,2";
			};
			name = Release;
		};
		049110FD2317A8E9003D4C6A /* Debug */ = {
			isa = XCBuildConfiguration;
			buildSettings = {
				BUNDLE_LOADER = "$(TEST_HOST)";
				CODE_SIGN_STYLE = Automatic;
				INFOPLIST_FILE = textTests/Info.plist;
				LD_RUNPATH_SEARCH_PATHS = (
					"$(inherited)",
					"@executable_path/Frameworks",
					"@loader_path/Frameworks",
				);
				PRODUCT_BUNDLE_IDENTIFIER = Panda.textTests;
				PRODUCT_NAME = "$(TARGET_NAME)";
				TARGETED_DEVICE_FAMILY = "1,2";
				TEST_HOST = "$(BUILT_PRODUCTS_DIR)/text.app/text";
			};
			name = Debug;
		};
		049110FE2317A8E9003D4C6A /* Release */ = {
			isa = XCBuildConfiguration;
			buildSettings = {
				BUNDLE_LOADER = "$(TEST_HOST)";
				CODE_SIGN_STYLE = Automatic;
				INFOPLIST_FILE = textTests/Info.plist;
				LD_RUNPATH_SEARCH_PATHS = (
					"$(inherited)",
					"@executable_path/Frameworks",
					"@loader_path/Frameworks",
				);
				PRODUCT_BUNDLE_IDENTIFIER = Panda.textTests;
				PRODUCT_NAME = "$(TARGET_NAME)";
				TARGETED_DEVICE_FAMILY = "1,2";
				TEST_HOST = "$(BUILT_PRODUCTS_DIR)/text.app/text";
			};
			name = Release;
		};
		049111002317A8E9003D4C6A /* Debug */ = {
			isa = XCBuildConfiguration;
			buildSettings = {
				CODE_SIGN_STYLE = Automatic;
				INFOPLIST_FILE = textUITests/Info.plist;
				LD_RUNPATH_SEARCH_PATHS = (
					"$(inherited)",
					"@executable_path/Frameworks",
					"@loader_path/Frameworks",
				);
				PRODUCT_BUNDLE_IDENTIFIER = Panda.textUITests;
				PRODUCT_NAME = "$(TARGET_NAME)";
				TARGETED_DEVICE_FAMILY = "1,2";
				TEST_TARGET_NAME = text;
			};
			name = Debug;
		};
		049111012317A8E9003D4C6A /* Release */ = {
			isa = XCBuildConfiguration;
			buildSettings = {
				CODE_SIGN_STYLE = Automatic;
				INFOPLIST_FILE = textUITests/Info.plist;
				LD_RUNPATH_SEARCH_PATHS = (
					"$(inherited)",
					"@executable_path/Frameworks",
					"@loader_path/Frameworks",
				);
				PRODUCT_BUNDLE_IDENTIFIER = Panda.textUITests;
				PRODUCT_NAME = "$(TARGET_NAME)";
				TARGETED_DEVICE_FAMILY = "1,2";
				TEST_TARGET_NAME = text;
			};
			name = Release;
		};
/* End XCBuildConfiguration section */

/* Begin XCConfigurationList section */
		049110C82317A8DD003D4C6A /* Build configuration list for PBXProject "text" */ = {
			isa = XCConfigurationList;
			buildConfigurations = (
				049110F72317A8E9003D4C6A /* Debug */,
				049110F82317A8E9003D4C6A /* Release */,
			);
			defaultConfigurationIsVisible = 0;
			defaultConfigurationName = Release;
		};
		049110F92317A8E9003D4C6A /* Build configuration list for PBXNativeTarget "text" */ = {
			isa = XCConfigurationList;
			buildConfigurations = (
				049110FA2317A8E9003D4C6A /* Debug */,
				049110FB2317A8E9003D4C6A /* Release */,
			);
			defaultConfigurationIsVisible = 0;
			defaultConfigurationName = Release;
		};
		049110FC2317A8E9003D4C6A /* Build configuration list for PBXNativeTarget "textTests" */ = {
			isa = XCConfigurationList;
			buildConfigurations = (
				049110FD2317A8E9003D4C6A /* Debug */,
				049110FE2317A8E9003D4C6A /* Release */,
			);
			defaultConfigurationIsVisible = 0;
			defaultConfigurationName = Release;
		};
		049110FF2317A8E9003D4C6A /* Build configuration list for PBXNativeTarget "textUITests" */ = {
			isa = XCConfigurationList;
			buildConfigurations = (
				049111002317A8E9003D4C6A /* Debug */,
				049111012317A8E9003D4C6A /* Release */,
			);
			defaultConfigurationIsVisible = 0;
			defaultConfigurationName = Release;
		};
/* End XCConfigurationList section */
	};
	rootObject = 049110C52317A8DD003D4C6A /* Project object */;
}
